// !$*UTF8*$!
{
	archiveVersion = 1;
	classes = {
	};
	objectVersion = 46;
	objects = {

/* Begin PBXBuildFile section */
		409912361E3CAC7700A37C7C /* MagnifierView.m in Sources */ = {isa = PBXBuildFile; fileRef = 409912351E3CAC7700A37C7C /* MagnifierView.m */; };
		40B957C31E30B1270036AC04 /* AppDelegate.swift in Sources */ = {isa = PBXBuildFile; fileRef = 40B957C21E30B1270036AC04 /* AppDelegate.swift */; };
		40B957C51E30B1270036AC04 /* ViewController.swift in Sources */ = {isa = PBXBuildFile; fileRef = 40B957C41E30B1270036AC04 /* ViewController.swift */; };
		40B957C81E30B1270036AC04 /* Main.storyboard in Resources */ = {isa = PBXBuildFile; fileRef = 40B957C61E30B1270036AC04 /* Main.storyboard */; };
		40B957CA1E30B1270036AC04 /* Assets.xcassets in Resources */ = {isa = PBXBuildFile; fileRef = 40B957C91E30B1270036AC04 /* Assets.xcassets */; };
		40B957CD1E30B1270036AC04 /* LaunchScreen.storyboard in Resources */ = {isa = PBXBuildFile; fileRef = 40B957CB1E30B1270036AC04 /* LaunchScreen.storyboard */; };
		40B957DB1E30B1FC0036AC04 /* AKOMultiColumnTextView.m in Sources */ = {isa = PBXBuildFile; fileRef = 40B957D71E30B1FC0036AC04 /* AKOMultiColumnTextView.m */; };
		40B957DC1E30B1FC0036AC04 /* AKOMultiPageTextView.m in Sources */ = {isa = PBXBuildFile; fileRef = 40B957D91E30B1FC0036AC04 /* AKOMultiPageTextView.m */; };
		40B957E21E30B21C0036AC04 /* NSString+BundleExtensions.m in Sources */ = {isa = PBXBuildFile; fileRef = 40B957DF1E30B21C0036AC04 /* NSString+BundleExtensions.m */; };
		40B957E31E30B21C0036AC04 /* UIFont+CoreTextExtensions.m in Sources */ = {isa = PBXBuildFile; fileRef = 40B957E11E30B21C0036AC04 /* UIFont+CoreTextExtensions.m */; };
		40B957E71E30B88B0036AC04 /* Center.txt in Resources */ = {isa = PBXBuildFile; fileRef = 40B957E41E30B88B0036AC04 /* Center.txt */; };
		40B957E81E30B88B0036AC04 /* Next.txt in Resources */ = {isa = PBXBuildFile; fileRef = 40B957E51E30B88B0036AC04 /* Next.txt */; };
		40B957E91E30B88B0036AC04 /* Previous.txt in Resources */ = {isa = PBXBuildFile; fileRef = 40B957E61E30B88B0036AC04 /* Previous.txt */; };
		40B957EB1E30E0A80036AC04 /* TestViewController.swift in Sources */ = {isa = PBXBuildFile; fileRef = 40B957EA1E30E0A80036AC04 /* TestViewController.swift */; };
/* End PBXBuildFile section */

/* Begin PBXFileReference section */
		409912341E3CAC7700A37C7C /* MagnifierView.h */ = {isa = PBXFileReference; fileEncoding = 4; lastKnownFileType = sourcecode.c.h; path = MagnifierView.h; sourceTree = "<group>"; };
		409912351E3CAC7700A37C7C /* MagnifierView.m */ = {isa = PBXFileReference; fileEncoding = 4; lastKnownFileType = sourcecode.c.objc; path = MagnifierView.m; sourceTree = "<group>"; };
		40B957BF1E30B1270036AC04 /* ColumnText.app */ = {isa = PBXFileReference; explicitFileType = wrapper.application; includeInIndex = 0; path = ColumnText.app; sourceTree = BUILT_PRODUCTS_DIR; };
		40B957C21E30B1270036AC04 /* AppDelegate.swift */ = {isa = PBXFileReference; lastKnownFileType = sourcecode.swift; path = AppDelegate.swift; sourceTree = "<group>"; };
		40B957C41E30B1270036AC04 /* ViewController.swift */ = {isa = PBXFileReference; lastKnownFileType = sourcecode.swift; path = ViewController.swift; sourceTree = "<group>"; };
		40B957C71E30B1270036AC04 /* Base */ = {isa = PBXFileReference; lastKnownFileType = file.storyboard; name = Base; path = Base.lproj/Main.storyboard; sourceTree = "<group>"; };
		40B957C91E30B1270036AC04 /* Assets.xcassets */ = {isa = PBXFileReference; lastKnownFileType = folder.assetcatalog; path = Assets.xcassets; sourceTree = "<group>"; };
		40B957CC1E30B1270036AC04 /* Base */ = {isa = PBXFileReference; lastKnownFileType = file.storyboard; name = Base; path = Base.lproj/LaunchScreen.storyboard; sourceTree = "<group>"; };
		40B957CE1E30B1270036AC04 /* Info.plist */ = {isa = PBXFileReference; lastKnownFileType = text.plist.xml; path = Info.plist; sourceTree = "<group>"; };
		40B957D51E30B1FB0036AC04 /* ColumnText-Bridging-Header.h */ = {isa = PBXFileReference; lastKnownFileType = sourcecode.c.h; path = "ColumnText-Bridging-Header.h"; sourceTree = "<group>"; };
		40B957D61E30B1FC0036AC04 /* AKOMultiColumnTextView.h */ = {isa = PBXFileReference; fileEncoding = 4; lastKnownFileType = sourcecode.c.h; path = AKOMultiColumnTextView.h; sourceTree = "<group>"; };
		40B957D71E30B1FC0036AC04 /* AKOMultiColumnTextView.m */ = {isa = PBXFileReference; fileEncoding = 4; lastKnownFileType = sourcecode.c.objc; path = AKOMultiColumnTextView.m; sourceTree = "<group>"; };
		40B957D81E30B1FC0036AC04 /* AKOMultiPageTextView.h */ = {isa = PBXFileReference; fileEncoding = 4; lastKnownFileType = sourcecode.c.h; path = AKOMultiPageTextView.h; sourceTree = "<group>"; };
		40B957D91E30B1FC0036AC04 /* AKOMultiPageTextView.m */ = {isa = PBXFileReference; fileEncoding = 4; lastKnownFileType = sourcecode.c.objc; path = AKOMultiPageTextView.m; sourceTree = "<group>"; };
		40B957DA1E30B1FC0036AC04 /* AKOMultiColumnTextViewDataSource.h */ = {isa = PBXFileReference; fileEncoding = 4; lastKnownFileType = sourcecode.c.h; path = AKOMultiColumnTextViewDataSource.h; sourceTree = "<group>"; };
		40B957DE1E30B21C0036AC04 /* NSString+BundleExtensions.h */ = {isa = PBXFileReference; fileEncoding = 4; lastKnownFileType = sourcecode.c.h; path = "NSString+BundleExtensions.h"; sourceTree = "<group>"; };
		40B957DF1E30B21C0036AC04 /* NSString+BundleExtensions.m */ = {isa = PBXFileReference; fileEncoding = 4; lastKnownFileType = sourcecode.c.objc; path = "NSString+BundleExtensions.m"; sourceTree = "<group>"; };
		40B957E01E30B21C0036AC04 /* UIFont+CoreTextExtensions.h */ = {isa = PBXFileReference; fileEncoding = 4; lastKnownFileType = sourcecode.c.h; path = "UIFont+CoreTextExtensions.h"; sourceTree = "<group>"; };
		40B957E11E30B21C0036AC04 /* UIFont+CoreTextExtensions.m */ = {isa = PBXFileReference; fileEncoding = 4; lastKnownFileType = sourcecode.c.objc; path = "UIFont+CoreTextExtensions.m"; sourceTree = "<group>"; };
		40B957E41E30B88B0036AC04 /* Center.txt */ = {isa = PBXFileReference; fileEncoding = 4; lastKnownFileType = text; path = Center.txt; sourceTree = "<group>"; };
		40B957E51E30B88B0036AC04 /* Next.txt */ = {isa = PBXFileReference; fileEncoding = 4; lastKnownFileType = text; path = Next.txt; sourceTree = "<group>"; };
		40B957E61E30B88B0036AC04 /* Previous.txt */ = {isa = PBXFileReference; fileEncoding = 4; lastKnownFileType = text; path = Previous.txt; sourceTree = "<group>"; };
		40B957EA1E30E0A80036AC04 /* TestViewController.swift */ = {isa = PBXFileReference; fileEncoding = 4; lastKnownFileType = sourcecode.swift; path = TestViewController.swift; sourceTree = "<group>"; };
/* End PBXFileReference section */

/* Begin PBXFrameworksBuildPhase section */
		40B957BC1E30B1270036AC04 /* Frameworks */ = {
			isa = PBXFrameworksBuildPhase;
			buildActionMask = 2147483647;
			files = (
			);
			runOnlyForDeploymentPostprocessing = 0;
		};
/* End PBXFrameworksBuildPhase section */

/* Begin PBXGroup section */
		40B957B61E30B1270036AC04 = {
			isa = PBXGroup;
			children = (
				40B957C11E30B1270036AC04 /* ColumnText */,
				40B957C01E30B1270036AC04 /* Products */,
			);
			sourceTree = "<group>";
		};
		40B957C01E30B1270036AC04 /* Products */ = {
			isa = PBXGroup;
			children = (
				40B957BF1E30B1270036AC04 /* ColumnText.app */,
			);
			name = Products;
			sourceTree = "<group>";
		};
		40B957C11E30B1270036AC04 /* ColumnText */ = {
			isa = PBXGroup;
			children = (
				40B957DD1E30B20A0036AC04 /* Category */,
				40B957D41E30B1E60036AC04 /* MultiColumn */,
				40B957C21E30B1270036AC04 /* AppDelegate.swift */,
				40B957C41E30B1270036AC04 /* ViewController.swift */,
				40B957EA1E30E0A80036AC04 /* TestViewController.swift */,
				40B957D51E30B1FB0036AC04 /* ColumnText-Bridging-Header.h */,
				40B957C61E30B1270036AC04 /* Main.storyboard */,
				40B957C91E30B1270036AC04 /* Assets.xcassets */,
				40B957E41E30B88B0036AC04 /* Center.txt */,
				40B957E51E30B88B0036AC04 /* Next.txt */,
				40B957E61E30B88B0036AC04 /* Previous.txt */,
				40B957CB1E30B1270036AC04 /* LaunchScreen.storyboard */,
				40B957CE1E30B1270036AC04 /* Info.plist */,
			);
			path = ColumnText;
			sourceTree = "<group>";
		};
		40B957D41E30B1E60036AC04 /* MultiColumn */ = {
			isa = PBXGroup;
			children = (
				40B957D61E30B1FC0036AC04 /* AKOMultiColumnTextView.h */,
				40B957D71E30B1FC0036AC04 /* AKOMultiColumnTextView.m */,
				40B957D81E30B1FC0036AC04 /* AKOMultiPageTextView.h */,
				40B957D91E30B1FC0036AC04 /* AKOMultiPageTextView.m */,
				40B957DA1E30B1FC0036AC04 /* AKOMultiColumnTextViewDataSource.h */,
				409912341E3CAC7700A37C7C /* MagnifierView.h */,
				409912351E3CAC7700A37C7C /* MagnifierView.m */,
			);
			name = MultiColumn;
			sourceTree = "<group>";
		};
		40B957DD1E30B20A0036AC04 /* Category */ = {
			isa = PBXGroup;
			children = (
				40B957DE1E30B21C0036AC04 /* NSString+BundleExtensions.h */,
				40B957DF1E30B21C0036AC04 /* NSString+BundleExtensions.m */,
				40B957E01E30B21C0036AC04 /* UIFont+CoreTextExtensions.h */,
				40B957E11E30B21C0036AC04 /* UIFont+CoreTextExtensions.m */,
			);
			name = Category;
			sourceTree = "<group>";
		};
/* End PBXGroup section */

/* Begin PBXNativeTarget section */
		40B957BE1E30B1270036AC04 /* ColumnText */ = {
			isa = PBXNativeTarget;
			buildConfigurationList = 40B957D11E30B1270036AC04 /* Build configuration list for PBXNativeTarget "ColumnText" */;
			buildPhases = (
				40B957BB1E30B1270036AC04 /* Sources */,
				40B957BC1E30B1270036AC04 /* Frameworks */,
				40B957BD1E30B1270036AC04 /* Resources */,
			);
			buildRules = (
			);
			dependencies = (
			);
			name = ColumnText;
			productName = ColumnText;
			productReference = 40B957BF1E30B1270036AC04 /* ColumnText.app */;
			productType = "com.apple.product-type.application";
		};
/* End PBXNativeTarget section */

/* Begin PBXProject section */
		40B957B71E30B1270036AC04 /* Project object */ = {
			isa = PBXProject;
			attributes = {
				LastSwiftUpdateCheck = 0820;
				LastUpgradeCheck = 0820;
				ORGANIZATIONNAME = "Vishwak Sol pvt. ltd.";
				TargetAttributes = {
					40B957BE1E30B1270036AC04 = {
						CreatedOnToolsVersion = 8.2.1;
						LastSwiftMigration = 0820;
						ProvisioningStyle = Manual;
					};
				};
			};
			buildConfigurationList = 40B957BA1E30B1270036AC04 /* Build configuration list for PBXProject "ColumnText" */;
			compatibilityVersion = "Xcode 3.2";
			developmentRegion = English;
			hasScannedForEncodings = 0;
			knownRegions = (
				en,
				Base,
			);
			mainGroup = 40B957B61E30B1270036AC04;
			productRefGroup = 40B957C01E30B1270036AC04 /* Products */;
			projectDirPath = "";
			projectRoot = "";
			targets = (
				40B957BE1E30B1270036AC04 /* ColumnText */,
			);
		};
/* End PBXProject section */

/* Begin PBXResourcesBuildPhase section */
		40B957BD1E30B1270036AC04 /* Resources */ = {
			isa = PBXResourcesBuildPhase;
			buildActionMask = 2147483647;
			files = (
				40B957E81E30B88B0036AC04 /* Next.txt in Resources */,
				40B957CD1E30B1270036AC04 /* LaunchScreen.storyboard in Resources */,
				40B957E71E30B88B0036AC04 /* Center.txt in Resources */,
				40B957E91E30B88B0036AC04 /* Previous.txt in Resources */,
				40B957CA1E30B1270036AC04 /* Assets.xcassets in Resources */,
				40B957C81E30B1270036AC04 /* Main.storyboard in Resources */,
			);
			runOnlyForDeploymentPostprocessing = 0;
		};
/* End PBXResourcesBuildPhase section */

/* Begin PBXSourcesBuildPhase section */
		40B957BB1E30B1270036AC04 /* Sources */ = {
			isa = PBXSourcesBuildPhase;
			buildActionMask = 2147483647;
			files = (
				40B957EB1E30E0A80036AC04 /* TestViewController.swift in Sources */,
				40B957DC1E30B1FC0036AC04 /* AKOMultiPageTextView.m in Sources */,
				40B957C51E30B1270036AC04 /* ViewController.swift in Sources */,
				40B957E31E30B21C0036AC04 /* UIFont+CoreTextExtensions.m in Sources */,
				40B957E21E30B21C0036AC04 /* NSString+BundleExtensions.m in Sources */,
				40B957C31E30B1270036AC04 /* AppDelegate.swift in Sources */,
				40B957DB1E30B1FC0036AC04 /* AKOMultiColumnTextView.m in Sources */,
				409912361E3CAC7700A37C7C /* MagnifierView.m in Sources */,
			);
			runOnlyForDeploymentPostprocessing = 0;
		};
/* End PBXSourcesBuildPhase section */

/* Begin PBXVariantGroup section */
		40B957C61E30B1270036AC04 /* Main.storyboard */ = {
			isa = PBXVariantGroup;
			children = (
				40B957C71E30B1270036AC04 /* Base */,
			);
			name = Main.storyboard;
			sourceTree = "<group>";
		};
		40B957CB1E30B1270036AC04 /* LaunchScreen.storyboard */ = {
			isa = PBXVariantGroup;
			children = (
				40B957CC1E30B1270036AC04 /* Base */,
			);
			name = LaunchScreen.storyboard;
			sourceTree = "<group>";
		};
/* End PBXVariantGroup section */

/* Begin XCBuildConfiguration section */
		40B957CF1E30B1270036AC04 /* Debug */ = {
			isa = XCBuildConfiguration;
			buildSettings = {
				ALWAYS_SEARCH_USER_PATHS = NO;
				CLANG_ANALYZER_NONNULL = YES;
				CLANG_CXX_LANGUAGE_STANDARD = "gnu++0x";
				CLANG_CXX_LIBRARY = "libc++";
				CLANG_ENABLE_MODULES = YES;
				CLANG_ENABLE_OBJC_ARC = YES;
				CLANG_WARN_BOOL_CONVERSION = YES;
				CLANG_WARN_CONSTANT_CONVERSION = YES;
				CLANG_WARN_DIRECT_OBJC_ISA_USAGE = YES_ERROR;
				CLANG_WARN_DOCUMENTATION_COMMENTS = YES;
				CLANG_WARN_EMPTY_BODY = YES;
				CLANG_WARN_ENUM_CONVERSION = YES;
				CLANG_WARN_INFINITE_RECURSION = YES;
				CLANG_WARN_INT_CONVERSION = YES;
				CLANG_WARN_OBJC_ROOT_CLASS = YES_ERROR;
				CLANG_WARN_SUSPICIOUS_MOVE = YES;
				CLANG_WARN_UNREACHABLE_CODE = YES;
				CLANG_WARN__DUPLICATE_METHOD_MATCH = YES;
				"CODE_SIGN_IDENTITY[sdk=iphoneos*]" = "iPhone Developer";
				COPY_PHASE_STRIP = NO;
				DEBUG_INFORMATION_FORMAT = dwarf;
				ENABLE_STRICT_OBJC_MSGSEND = YES;
				ENABLE_TESTABILITY = YES;
				GCC_C_LANGUAGE_STANDARD = gnu99;
				GCC_DYNAMIC_NO_PIC = NO;
				GCC_NO_COMMON_BLOCKS = YES;
				GCC_OPTIMIZATION_LEVEL = 0;
				GCC_PREPROCESSOR_DEFINITIONS = (
					"DEBUG=1",
					"$(inherited)",
				);
				GCC_WARN_64_TO_32_BIT_CONVERSION = YES;
				GCC_WARN_ABOUT_RETURN_TYPE = YES_ERROR;
				GCC_WARN_UNDECLARED_SELECTOR = YES;
				GCC_WARN_UNINITIALIZED_AUTOS = YES_AGGRESSIVE;
				GCC_WARN_UNUSED_FUNCTION = YES;
				GCC_WARN_UNUSED_VARIABLE = YES;
				IPHONEOS_DEPLOYMENT_TARGET = 10.2;
				MTL_ENABLE_DEBUG_INFO = YES;
				ONLY_ACTIVE_ARCH = YES;
				SDKROOT = iphoneos;
				SWIFT_ACTIVE_COMPILATION_CONDITIONS = DEBUG;
				SWIFT_OPTIMIZATION_LEVEL = "-Onone";
				TARGETED_DEVICE_FAMILY = "1,2";
			};
			name = Debug;
		};
		40B957D01E30B1270036AC04 /* Release */ = {
			isa = XCBuildConfiguration;
			buildSettings = {
				ALWAYS_SEARCH_USER_PATHS = NO;
				CLANG_ANALYZER_NONNULL = YES;
				CLANG_CXX_LANGUAGE_STANDARD = "gnu++0x";
				CLANG_CXX_LIBRARY = "libc++";
				CLANG_ENABLE_MODULES = YES;
				CLANG_ENABLE_OBJC_ARC = YES;
				CLANG_WARN_BOOL_CONVERSION = YES;
				CLANG_WARN_CONSTANT_CONVERSION = YES;
				CLANG_WARN_DIRECT_OBJC_ISA_USAGE = YES_ERROR;
				CLANG_WARN_DOCUMENTATION_COMMENTS = YES;
				CLANG_WARN_EMPTY_BODY = YES;
				CLANG_WARN_ENUM_CONVERSION = YES;
				CLANG_WARN_INFINITE_RECURSION = YES;
				CLANG_WARN_INT_CONVERSION = YES;
				CLANG_WARN_OBJC_ROOT_CLASS = YES_ERROR;
				CLANG_WARN_SUSPICIOUS_MOVE = YES;
				CLANG_WARN_UNREACHABLE_CODE = YES;
				CLANG_WARN__DUPLICATE_METHOD_MATCH = YES;
				"CODE_SIGN_IDENTITY[sdk=iphoneos*]" = "iPhone Developer";
				COPY_PHASE_STRIP = NO;
				DEBUG_INFORMATION_FORMAT = "dwarf-with-dsym";
				ENABLE_NS_ASSERTIONS = NO;
				ENABLE_STRICT_OBJC_MSGSEND = YES;
				GCC_C_LANGUAGE_STANDARD = gnu99;
				GCC_NO_COMMON_BLOCKS = YES;
				GCC_WARN_64_TO_32_BIT_CONVERSION = YES;
				GCC_WARN_ABOUT_RETURN_TYPE = YES_ERROR;
				GCC_WARN_UNDECLARED_SELECTOR = YES;
				GCC_WARN_UNINITIALIZED_AUTOS = YES_AGGRESSIVE;
				GCC_WARN_UNUSED_FUNCTION = YES;
				GCC_WARN_UNUSED_VARIABLE = YES;
				IPHONEOS_DEPLOYMENT_TARGET = 10.2;
				MTL_ENABLE_DEBUG_INFO = NO;
				SDKROOT = iphoneos;
				SWIFT_OPTIMIZATION_LEVEL = "-Owholemodule";
				TARGETED_DEVICE_FAMILY = "1,2";
				VALIDATE_PRODUCT = YES;
			};
			name = Release;
		};
		40B957D21E30B1270036AC04 /* Debug */ = {
			isa = XCBuildConfiguration;
			buildSettings = {
				ASSETCATALOG_COMPILER_APPICON_NAME = AppIcon;
				CLANG_ENABLE_MODULES = YES;
				DEVELOPMENT_TEAM = "";
				INFOPLIST_FILE = ColumnText/Info.plist;
				LD_RUNPATH_SEARCH_PATHS = "$(inherited) @executable_path/Frameworks";
				PRODUCT_BUNDLE_IDENTIFIER = com.vishwak.com.ColumnText;
				PRODUCT_NAME = "$(TARGET_NAME)";
				SWIFT_OBJC_BRIDGING_HEADER = "ColumnText/ColumnText-Bridging-Header.h";
				SWIFT_OPTIMIZATION_LEVEL = "-Onone";
				SWIFT_VERSION = 3.0;
			};
			name = Debug;
		};
		40B957D31E30B1270036AC04 /* Release */ = {
			isa = XCBuildConfiguration;
			buildSettings = {
				ASSETCATALOG_COMPILER_APPICON_NAME = AppIcon;
				CLANG_ENABLE_MODULES = YES;
				DEVELOPMENT_TEAM = "";
				INFOPLIST_FILE = ColumnText/Info.plist;
				LD_RUNPATH_SEARCH_PATHS = "$(inherited) @executable_path/Frameworks";
				PRODUCT_BUNDLE_IDENTIFIER = com.vishwak.com.ColumnText;
				PRODUCT_NAME = "$(TARGET_NAME)";
				SWIFT_OBJC_BRIDGING_HEADER = "ColumnText/ColumnText-Bridging-Header.h";
				SWIFT_VERSION = 3.0;
			};
			name = Release;
		};
/* End XCBuildConfiguration section */

/* Begin XCConfigurationList section */
		40B957BA1E30B1270036AC04 /* Build configuration list for PBXProject "ColumnText" */ = {
			isa = XCConfigurationList;
			buildConfigurations = (
				40B957CF1E30B1270036AC04 /* Debug */,
				40B957D01E30B1270036AC04 /* Release */,
			);
			defaultConfigurationIsVisible = 0;
			defaultConfigurationName = Release;
		};
		40B957D11E30B1270036AC04 /* Build configuration list for PBXNativeTarget "ColumnText" */ = {
			isa = XCConfigurationList;
			buildConfigurations = (
				40B957D21E30B1270036AC04 /* Debug */,
				40B957D31E30B1270036AC04 /* Release */,
			);
			defaultConfigurationIsVisible = 0;
			defaultConfigurationName = Release;
		};
/* End XCConfigurationList section */
	};
	rootObject = 40B957B71E30B1270036AC04 /* Project object */;
}
